
Microsoft Visual Studio Solution File, Format Version 12.00
# Visual Studio Version 16
VisualStudioVersion = 16.0.810.25
MinimumVisualStudioVersion = 10.0.40219.1
Project("{FAE04EC0-301F-11D3-BF4B-00C04F79EFBC}") = "GameProjectDemo", "GameProjectDemo\GameProjectDemo.csproj", "{E4FEBE72-EB73-434E-8148-DF66ED830466}"
EndProject
Global
	GlobalSection(SolutionConfigurationPlatforms) = preSolution
		Debug|anycpu = Debug|anycpu
		Release|anycpu = Release|anycpu
	EndGlobalSection
	GlobalSection(ProjectConfigurationPlatforms) = postSolution
		{E4FEBE72-EB73-434E-8148-DF66ED830466}.Debug|anycpu.ActiveCfg = Debug|anycpu
		{E4FEBE72-EB73-434E-8148-DF66ED830466}.Debug|anycpu.Build.0 = Debug|anycpu
		{E4FEBE72-EB73-434E-8148-DF66ED830466}.Release|anycpu.ActiveCfg = Release|anycpu
		{E4FEBE72-EB73-434E-8148-DF66ED830466}.Release|anycpu.Build.0 = Release|anycpu
	EndGlobalSection
	GlobalSection(SolutionProperties) = preSolution
		HideSolutionNode = FALSE
	EndGlobalSection
	GlobalSection(ExtensibilityGlobals) = postSolution
		SolutionGuid = {B481F41C-5FF8-47B3-8D1E-D2B477E63957}
	EndGlobalSection
EndGlobal
